
Microsoft Visual Studio Solution File, Format Version 12.00
# Visual Studio Version 16
VisualStudioVersion = 16.0.30517.126
MinimumVisualStudioVersion = 10.0.40219.1
Project("{FAE04EC0-301F-11D3-BF4B-00C04F79EFBC}") = "Project2", "Project2\Project2.csproj", "{4C240836-5F70-4DC2-B121-00276193FA84}"
EndProject
Global
	GlobalSection(SolutionConfigurationPlatforms) = preSolution
		Debug|Any CPU = Debug|Any CPU
		Release|Any CPU = Release|Any CPU
	EndGlobalSection
	GlobalSection(ProjectConfigurationPlatforms) = postSolution
		{4C240836-5F70-4DC2-B121-00276193FA84}.Debug|Any CPU.ActiveCfg = Debug|Any CPU
		{4C240836-5F70-4DC2-B121-00276193FA84}.Debug|Any CPU.Build.0 = Debug|Any CPU
		{4C240836-5F70-4DC2-B121-00276193FA84}.Release|Any CPU.ActiveCfg = Release|Any CPU
		{4C240836-5F70-4DC2-B121-00276193FA84}.Release|Any CPU.Build.0 = Release|Any CPU
	EndGlobalSection
	GlobalSection(SolutionProperties) = preSolution
		HideSolutionNode = FALSE
	EndGlobalSection
	GlobalSection(ExtensibilityGlobals) = postSolution
		SolutionGuid = {E89CD57E-DA52-4813-912B-AF70AB339FFE}
	EndGlobalSection
EndGlobal
